// !$*UTF8*$!
{
	archiveVersion = 1;
	classes = {
	};
	objectVersion = 56;
	objects = {

/* Begin PBXBuildFile section */
		46290B8928FE82A30090A6C1 /* AppDelegate.swift in Sources */ = {isa = PBXBuildFile; fileRef = 46290B8828FE82A30090A6C1 /* AppDelegate.swift */; };
		46290B8B28FE82A30090A6C1 /* SceneDelegate.swift in Sources */ = {isa = PBXBuildFile; fileRef = 46290B8A28FE82A30090A6C1 /* SceneDelegate.swift */; };
		46290B8D28FE82A30090A6C1 /* ViewController.swift in Sources */ = {isa = PBXBuildFile; fileRef = 46290B8C28FE82A30090A6C1 /* ViewController.swift */; };
		46290B9028FE82A30090A6C1 /* Main.storyboard in Resources */ = {isa = PBXBuildFile; fileRef = 46290B8E28FE82A30090A6C1 /* Main.storyboard */; };
		46290B9228FE82A40090A6C1 /* Assets.xcassets in Resources */ = {isa = PBXBuildFile; fileRef = 46290B9128FE82A40090A6C1 /* Assets.xcassets */; };
		46290B9528FE82A40090A6C1 /* LaunchScreen.storyboard in Resources */ = {isa = PBXBuildFile; fileRef = 46290B9328FE82A40090A6C1 /* LaunchScreen.storyboard */; };
		46290BA028FF281E0090A6C1 /* KakaoTalkTableViewCell.swift in Sources */ = {isa = PBXBuildFile; fileRef = 46290B9E28FF281E0090A6C1 /* KakaoTalkTableViewCell.swift */; };
		46290BA128FF281E0090A6C1 /* KakaoTalkTableViewCell.xib in Resources */ = {isa = PBXBuildFile; fileRef = 46290B9F28FF281E0090A6C1 /* KakaoTalkTableViewCell.xib */; };
		46842F6F28FF7A76006F91D8 /* refreshLottie.json in Resources */ = {isa = PBXBuildFile; fileRef = 46842F6E28FF7A76006F91D8 /* refreshLottie.json */; };
		C1EC329FEA4BCA55661E7D14 /* Pods_week5.framework in Frameworks */ = {isa = PBXBuildFile; fileRef = C3AC30548C678E76C21560DB /* Pods_week5.framework */; };
/* End PBXBuildFile section */

/* Begin PBXFileReference section */
		46290B8528FE82A30090A6C1 /* week5.app */ = {isa = PBXFileReference; explicitFileType = wrapper.application; includeInIndex = 0; path = week5.app; sourceTree = BUILT_PRODUCTS_DIR; };
		46290B8828FE82A30090A6C1 /* AppDelegate.swift */ = {isa = PBXFileReference; lastKnownFileType = sourcecode.swift; path = AppDelegate.swift; sourceTree = "<group>"; };
		46290B8A28FE82A30090A6C1 /* SceneDelegate.swift */ = {isa = PBXFileReference; lastKnownFileType = sourcecode.swift; path = SceneDelegate.swift; sourceTree = "<group>"; };
		46290B8C28FE82A30090A6C1 /* ViewController.swift */ = {isa = PBXFileReference; lastKnownFileType = sourcecode.swift; path = ViewController.swift; sourceTree = "<group>"; };
		46290B8F28FE82A30090A6C1 /* Base */ = {isa = PBXFileReference; lastKnownFileType = file.storyboard; name = Base; path = Base.lproj/Main.storyboard; sourceTree = "<group>"; };
		46290B9128FE82A40090A6C1 /* Assets.xcassets */ = {isa = PBXFileReference; lastKnownFileType = folder.assetcatalog; path = Assets.xcassets; sourceTree = "<group>"; };
		46290B9428FE82A40090A6C1 /* Base */ = {isa = PBXFileReference; lastKnownFileType = file.storyboard; name = Base; path = Base.lproj/LaunchScreen.storyboard; sourceTree = "<group>"; };
		46290B9628FE82A40090A6C1 /* Info.plist */ = {isa = PBXFileReference; lastKnownFileType = text.plist.xml; path = Info.plist; sourceTree = "<group>"; };
		46290B9E28FF281E0090A6C1 /* KakaoTalkTableViewCell.swift */ = {isa = PBXFileReference; lastKnownFileType = sourcecode.swift; path = KakaoTalkTableViewCell.swift; sourceTree = "<group>"; };
		46290B9F28FF281E0090A6C1 /* KakaoTalkTableViewCell.xib */ = {isa = PBXFileReference; lastKnownFileType = file.xib; path = KakaoTalkTableViewCell.xib; sourceTree = "<group>"; };
		46842F6E28FF7A76006F91D8 /* refreshLottie.json */ = {isa = PBXFileReference; fileEncoding = 4; lastKnownFileType = text.json; name = refreshLottie.json; path = ../../../../Downloads/refreshLottie.json; sourceTree = "<group>"; };
		856EE5E392578DD0157E10C0 /* Pods-week5.release.xcconfig */ = {isa = PBXFileReference; includeInIndex = 1; lastKnownFileType = text.xcconfig; name = "Pods-week5.release.xcconfig"; path = "Target Support Files/Pods-week5/Pods-week5.release.xcconfig"; sourceTree = "<group>"; };
		8C118A669C48E0E6B3B8E4B1 /* Pods-week5.debug.xcconfig */ = {isa = PBXFileReference; includeInIndex = 1; lastKnownFileType = text.xcconfig; name = "Pods-week5.debug.xcconfig"; path = "Target Support Files/Pods-week5/Pods-week5.debug.xcconfig"; sourceTree = "<group>"; };
		C3AC30548C678E76C21560DB /* Pods_week5.framework */ = {isa = PBXFileReference; explicitFileType = wrapper.framework; includeInIndex = 0; path = Pods_week5.framework; sourceTree = BUILT_PRODUCTS_DIR; };
/* End PBXFileReference section */

/* Begin PBXFrameworksBuildPhase section */
		46290B8228FE82A30090A6C1 /* Frameworks */ = {
			isa = PBXFrameworksBuildPhase;
			buildActionMask = 2147483647;
			files = (
				C1EC329FEA4BCA55661E7D14 /* Pods_week5.framework in Frameworks */,
			);
			runOnlyForDeploymentPostprocessing = 0;
		};
/* End PBXFrameworksBuildPhase section */

/* Begin PBXGroup section */
		0A685D91F604A922A9DEEA27 /* Pods */ = {
			isa = PBXGroup;
			children = (
				8C118A669C48E0E6B3B8E4B1 /* Pods-week5.debug.xcconfig */,
				856EE5E392578DD0157E10C0 /* Pods-week5.release.xcconfig */,
			);
			path = Pods;
			sourceTree = "<group>";
		};
		46290B7C28FE82A30090A6C1 = {
			isa = PBXGroup;
			children = (
				46290B8728FE82A30090A6C1 /* week5 */,
				46290B8628FE82A30090A6C1 /* Products */,
				0A685D91F604A922A9DEEA27 /* Pods */,
				CDE32562A339757549D9AB7E /* Frameworks */,
			);
			sourceTree = "<group>";
		};
		46290B8628FE82A30090A6C1 /* Products */ = {
			isa = PBXGroup;
			children = (
				46290B8528FE82A30090A6C1 /* week5.app */,
			);
			name = Products;
			sourceTree = "<group>";
		};
		46290B8728FE82A30090A6C1 /* week5 */ = {
			isa = PBXGroup;
			children = (
				46842F6E28FF7A76006F91D8 /* refreshLottie.json */,
				46290B8828FE82A30090A6C1 /* AppDelegate.swift */,
				46290B8A28FE82A30090A6C1 /* SceneDelegate.swift */,
				46290B8C28FE82A30090A6C1 /* ViewController.swift */,
				46290B8E28FE82A30090A6C1 /* Main.storyboard */,
				46290B9128FE82A40090A6C1 /* Assets.xcassets */,
				46290B9328FE82A40090A6C1 /* LaunchScreen.storyboard */,
				46290B9628FE82A40090A6C1 /* Info.plist */,
				46290B9E28FF281E0090A6C1 /* KakaoTalkTableViewCell.swift */,
				46290B9F28FF281E0090A6C1 /* KakaoTalkTableViewCell.xib */,
			);
			path = week5;
			sourceTree = "<group>";
		};
		CDE32562A339757549D9AB7E /* Frameworks */ = {
			isa = PBXGroup;
			children = (
				C3AC30548C678E76C21560DB /* Pods_week5.framework */,
			);
			name = Frameworks;
			sourceTree = "<group>";
		};
/* End PBXGroup section */

/* Begin PBXNativeTarget section */
		46290B8428FE82A30090A6C1 /* week5 */ = {
			isa = PBXNativeTarget;
			buildConfigurationList = 46290B9928FE82A40090A6C1 /* Build configuration list for PBXNativeTarget "week5" */;
			buildPhases = (
				E729AAB522E24FC2E4A69A99 /* [CP] Check Pods Manifest.lock */,
				46290B8128FE82A30090A6C1 /* Sources */,
				46290B8228FE82A30090A6C1 /* Frameworks */,
				46290B8328FE82A30090A6C1 /* Resources */,
				98CDD1A71C8F8B85A7305F5A /* [CP] Embed Pods Frameworks */,
			);
			buildRules = (
			);
			dependencies = (
			);
			name = week5;
			productName = week5;
			productReference = 46290B8528FE82A30090A6C1 /* week5.app */;
			productType = "com.apple.product-type.application";
		};
/* End PBXNativeTarget section */

/* Begin PBXProject section */
		46290B7D28FE82A30090A6C1 /* Project object */ = {
			isa = PBXProject;
			attributes = {
				BuildIndependentTargetsInParallel = 1;
				LastSwiftUpdateCheck = 1400;
				LastUpgradeCheck = 1400;
				TargetAttributes = {
					46290B8428FE82A30090A6C1 = {
						CreatedOnToolsVersion = 14.0;
					};
				};
			};
			buildConfigurationList = 46290B8028FE82A30090A6C1 /* Build configuration list for PBXProject "week5" */;
			compatibilityVersion = "Xcode 14.0";
			developmentRegion = en;
			hasScannedForEncodings = 0;
			knownRegions = (
				en,
				Base,
			);
			mainGroup = 46290B7C28FE82A30090A6C1;
			productRefGroup = 46290B8628FE82A30090A6C1 /* Products */;
			projectDirPath = "";
			projectRoot = "";
			targets = (
				46290B8428FE82A30090A6C1 /* week5 */,
			);
		};
/* End PBXProject section */

/* Begin PBXResourcesBuildPhase section */
		46290B8328FE82A30090A6C1 /* Resources */ = {
			isa = PBXResourcesBuildPhase;
			buildActionMask = 2147483647;
			files = (
				46290B9528FE82A40090A6C1 /* LaunchScreen.storyboard in Resources */,
				46290BA128FF281E0090A6C1 /* KakaoTalkTableViewCell.xib in Resources */,
				46842F6F28FF7A76006F91D8 /* refreshLottie.json in Resources */,
				46290B9228FE82A40090A6C1 /* Assets.xcassets in Resources */,
				46290B9028FE82A30090A6C1 /* Main.storyboard in Resources */,
			);
			runOnlyForDeploymentPostprocessing = 0;
		};
/* End PBXResourcesBuildPhase section */

/* Begin PBXShellScriptBuildPhase section */
		98CDD1A71C8F8B85A7305F5A /* [CP] Embed Pods Frameworks */ = {
			isa = PBXShellScriptBuildPhase;
			buildActionMask = 2147483647;
			files = (
			);
			inputFileListPaths = (
				"${PODS_ROOT}/Target Support Files/Pods-week5/Pods-week5-frameworks-${CONFIGURATION}-input-files.xcfilelist",
			);
			name = "[CP] Embed Pods Frameworks";
			outputFileListPaths = (
				"${PODS_ROOT}/Target Support Files/Pods-week5/Pods-week5-frameworks-${CONFIGURATION}-output-files.xcfilelist",
			);
			runOnlyForDeploymentPostprocessing = 0;
			shellPath = /bin/sh;
			shellScript = "\"${PODS_ROOT}/Target Support Files/Pods-week5/Pods-week5-frameworks.sh\"\n";
			showEnvVarsInLog = 0;
		};
		E729AAB522E24FC2E4A69A99 /* [CP] Check Pods Manifest.lock */ = {
			isa = PBXShellScriptBuildPhase;
			buildActionMask = 2147483647;
			files = (
			);
			inputFileListPaths = (
			);
			inputPaths = (
				"${PODS_PODFILE_DIR_PATH}/Podfile.lock",
				"${PODS_ROOT}/Manifest.lock",
			);
			name = "[CP] Check Pods Manifest.lock";
			outputFileListPaths = (
			);
			outputPaths = (
				"$(DERIVED_FILE_DIR)/Pods-week5-checkManifestLockResult.txt",
			);
			runOnlyForDeploymentPostprocessing = 0;
			shellPath = /bin/sh;
			shellScript = "diff \"${PODS_PODFILE_DIR_PATH}/Podfile.lock\" \"${PODS_ROOT}/Manifest.lock\" > /dev/null\nif [ $? != 0 ] ; then\n    # print error to STDERR\n    echo \"error: The sandbox is not in sync with the Podfile.lock. Run 'pod install' or update your CocoaPods installation.\" >&2\n    exit 1\nfi\n# This output is used by Xcode 'outputs' to avoid re-running this script phase.\necho \"SUCCESS\" > \"${SCRIPT_OUTPUT_FILE_0}\"\n";
			showEnvVarsInLog = 0;
		};
/* End PBXShellScriptBuildPhase section */

/* Begin PBXSourcesBuildPhase section */
		46290B8128FE82A30090A6C1 /* Sources */ = {
			isa = PBXSourcesBuildPhase;
			buildActionMask = 2147483647;
			files = (
				46290B8D28FE82A30090A6C1 /* ViewController.swift in Sources */,
				46290BA028FF281E0090A6C1 /* KakaoTalkTableViewCell.swift in Sources */,
				46290B8928FE82A30090A6C1 /* AppDelegate.swift in Sources */,
				46290B8B28FE82A30090A6C1 /* SceneDelegate.swift in Sources */,
			);
			runOnlyForDeploymentPostprocessing = 0;
		};
/* End PBXSourcesBuildPhase section */

/* Begin PBXVariantGroup section */
		46290B8E28FE82A30090A6C1 /* Main.storyboard */ = {
			isa = PBXVariantGroup;
			children = (
				46290B8F28FE82A30090A6C1 /* Base */,
			);
			name = Main.storyboard;
			sourceTree = "<group>";
		};
		46290B9328FE82A40090A6C1 /* LaunchScreen.storyboard */ = {
			isa = PBXVariantGroup;
			children = (
				46290B9428FE82A40090A6C1 /* Base */,
			);
			name = LaunchScreen.storyboard;
			sourceTree = "<group>";
		};
/* End PBXVariantGroup section */

/* Begin XCBuildConfiguration section */
		46290B9728FE82A40090A6C1 /* Debug */ = {
			isa = XCBuildConfiguration;
			buildSettings = {
				ALWAYS_SEARCH_USER_PATHS = NO;
				CLANG_ANALYZER_NONNULL = YES;
				CLANG_ANALYZER_NUMBER_OBJECT_CONVERSION = YES_AGGRESSIVE;
				CLANG_CXX_LANGUAGE_STANDARD = "gnu++20";
				CLANG_ENABLE_MODULES = YES;
				CLANG_ENABLE_OBJC_ARC = YES;
				CLANG_ENABLE_OBJC_WEAK = YES;
				CLANG_WARN_BLOCK_CAPTURE_AUTORELEASING = YES;
				CLANG_WARN_BOOL_CONVERSION = YES;
				CLANG_WARN_COMMA = YES;
				CLANG_WARN_CONSTANT_CONVERSION = YES;
				CLANG_WARN_DEPRECATED_OBJC_IMPLEMENTATIONS = YES;
				CLANG_WARN_DIRECT_OBJC_ISA_USAGE = YES_ERROR;
				CLANG_WARN_DOCUMENTATION_COMMENTS = YES;
				CLANG_WARN_EMPTY_BODY = YES;
				CLANG_WARN_ENUM_CONVERSION = YES;
				CLANG_WARN_INFINITE_RECURSION = YES;
				CLANG_WARN_INT_CONVERSION = YES;
				CLANG_WARN_NON_LITERAL_NULL_CONVERSION = YES;
				CLANG_WARN_OBJC_IMPLICIT_RETAIN_SELF = YES;
				CLANG_WARN_OBJC_LITERAL_CONVERSION = YES;
				CLANG_WARN_OBJC_ROOT_CLASS = YES_ERROR;
				CLANG_WARN_QUOTED_INCLUDE_IN_FRAMEWORK_HEADER = YES;
				CLANG_WARN_RANGE_LOOP_ANALYSIS = YES;
				CLANG_WARN_STRICT_PROTOTYPES = YES;
				CLANG_WARN_SUSPICIOUS_MOVE = YES;
				CLANG_WARN_UNGUARDED_AVAILABILITY = YES_AGGRESSIVE;
				CLANG_WARN_UNREACHABLE_CODE = YES;
				CLANG_WARN__DUPLICATE_METHOD_MATCH = YES;
				COPY_PHASE_STRIP = NO;
				DEBUG_INFORMATION_FORMAT = dwarf;
				ENABLE_STRICT_OBJC_MSGSEND = YES;
				ENABLE_TESTABILITY = YES;
				GCC_C_LANGUAGE_STANDARD = gnu11;
				GCC_DYNAMIC_NO_PIC = NO;
				GCC_NO_COMMON_BLOCKS = YES;
				GCC_OPTIMIZATION_LEVEL = 0;
				GCC_PREPROCESSOR_DEFINITIONS = (
					"DEBUG=1",
					"$(inherited)",
				);
				GCC_WARN_64_TO_32_BIT_CONVERSION = YES;
				GCC_WARN_ABOUT_RETURN_TYPE = YES_ERROR;
				GCC_WARN_UNDECLARED_SELECTOR = YES;
				GCC_WARN_UNINITIALIZED_AUTOS = YES_AGGRESSIVE;
				GCC_WARN_UNUSED_FUNCTION = YES;
				GCC_WARN_UNUSED_VARIABLE = YES;
				IPHONEOS_DEPLOYMENT_TARGET = 16.0;
				MTL_ENABLE_DEBUG_INFO = INCLUDE_SOURCE;
				MTL_FAST_MATH = YES;
				ONLY_ACTIVE_ARCH = YES;
				SDKROOT = iphoneos;
				SWIFT_ACTIVE_COMPILATION_CONDITIONS = DEBUG;
				SWIFT_OPTIMIZATION_LEVEL = "-Onone";
			};
			name = Debug;
		};
		46290B9828FE82A40090A6C1 /* Release */ = {
			isa = XCBuildConfiguration;
			buildSettings = {
				ALWAYS_SEARCH_USER_PATHS = NO;
				CLANG_ANALYZER_NONNULL = YES;
				CLANG_ANALYZER_NUMBER_OBJECT_CONVERSION = YES_AGGRESSIVE;
				CLANG_CXX_LANGUAGE_STANDARD = "gnu++20";
				CLANG_ENABLE_MODULES = YES;
				CLANG_ENABLE_OBJC_ARC = YES;
				CLANG_ENABLE_OBJC_WEAK = YES;
				CLANG_WARN_BLOCK_CAPTURE_AUTORELEASING = YES;
				CLANG_WARN_BOOL_CONVERSION = YES;
				CLANG_WARN_COMMA = YES;
				CLANG_WARN_CONSTANT_CONVERSION = YES;
				CLANG_WARN_DEPRECATED_OBJC_IMPLEMENTATIONS = YES;
				CLANG_WARN_DIRECT_OBJC_ISA_USAGE = YES_ERROR;
				CLANG_WARN_DOCUMENTATION_COMMENTS = YES;
				CLANG_WARN_EMPTY_BODY = YES;
				CLANG_WARN_ENUM_CONVERSION = YES;
				CLANG_WARN_INFINITE_RECURSION = YES;
				CLANG_WARN_INT_CONVERSION = YES;
				CLANG_WARN_NON_LITERAL_NULL_CONVERSION = YES;
				CLANG_WARN_OBJC_IMPLICIT_RETAIN_SELF = YES;
				CLANG_WARN_OBJC_LITERAL_CONVERSION = YES;
				CLANG_WARN_OBJC_ROOT_CLASS = YES_ERROR;
				CLANG_WARN_QUOTED_INCLUDE_IN_FRAMEWORK_HEADER = YES;
				CLANG_WARN_RANGE_LOOP_ANALYSIS = YES;
				CLANG_WARN_STRICT_PROTOTYPES = YES;
				CLANG_WARN_SUSPICIOUS_MOVE = YES;
				CLANG_WARN_UNGUARDED_AVAILABILITY = YES_AGGRESSIVE;
				CLANG_WARN_UNREACHABLE_CODE = YES;
				CLANG_WARN__DUPLICATE_METHOD_MATCH = YES;
				COPY_PHASE_STRIP = NO;
				DEBUG_INFORMATION_FORMAT = "dwarf-with-dsym";
				ENABLE_NS_ASSERTIONS = NO;
				ENABLE_STRICT_OBJC_MSGSEND = YES;
				GCC_C_LANGUAGE_STANDARD = gnu11;
				GCC_NO_COMMON_BLOCKS = YES;
				GCC_WARN_64_TO_32_BIT_CONVERSION = YES;
				GCC_WARN_ABOUT_RETURN_TYPE = YES_ERROR;
				GCC_WARN_UNDECLARED_SELECTOR = YES;
				GCC_WARN_UNINITIALIZED_AUTOS = YES_AGGRESSIVE;
				GCC_WARN_UNUSED_FUNCTION = YES;
				GCC_WARN_UNUSED_VARIABLE = YES;
				IPHONEOS_DEPLOYMENT_TARGET = 16.0;
				MTL_ENABLE_DEBUG_INFO = NO;
				MTL_FAST_MATH = YES;
				SDKROOT = iphoneos;
				SWIFT_COMPILATION_MODE = wholemodule;
				SWIFT_OPTIMIZATION_LEVEL = "-O";
				VALIDATE_PRODUCT = YES;
			};
			name = Release;
		};
		46290B9A28FE82A40090A6C1 /* Debug */ = {
			isa = XCBuildConfiguration;
			baseConfigurationReference = 8C118A669C48E0E6B3B8E4B1 /* Pods-week5.debug.xcconfig */;
			buildSettings = {
				ASSETCATALOG_COMPILER_APPICON_NAME = AppIcon;
				ASSETCATALOG_COMPILER_GLOBAL_ACCENT_COLOR_NAME = AccentColor;
				CODE_SIGN_STYLE = Automatic;
				CURRENT_PROJECT_VERSION = 1;
				DEVELOPMENT_TEAM = QNLYL4GD4K;
				GENERATE_INFOPLIST_FILE = YES;
				INFOPLIST_FILE = week5/Info.plist;
				INFOPLIST_KEY_UIApplicationSupportsIndirectInputEvents = YES;
				INFOPLIST_KEY_UILaunchStoryboardName = LaunchScreen;
				INFOPLIST_KEY_UIMainStoryboardFile = Main;
				INFOPLIST_KEY_UISupportedInterfaceOrientations_iPad = "UIInterfaceOrientationPortrait UIInterfaceOrientationPortraitUpsideDown UIInterfaceOrientationLandscapeLeft UIInterfaceOrientationLandscapeRight";
				INFOPLIST_KEY_UISupportedInterfaceOrientations_iPhone = "UIInterfaceOrientationPortrait UIInterfaceOrientationLandscapeLeft UIInterfaceOrientationLandscapeRight";
				LD_RUNPATH_SEARCH_PATHS = (
					"$(inherited)",
					"@executable_path/Frameworks",
				);
				MARKETING_VERSION = 1.0;
				PRODUCT_BUNDLE_IDENTIFIER = com.NAHYUN.week5;
				PRODUCT_NAME = "$(TARGET_NAME)";
				SWIFT_EMIT_LOC_STRINGS = YES;
				SWIFT_VERSION = 5.0;
				TARGETED_DEVICE_FAMILY = "1,2";
			};
			name = Debug;
		};
		46290B9B28FE82A40090A6C1 /* Release */ = {
			isa = XCBuildConfiguration;
			baseConfigurationReference = 856EE5E392578DD0157E10C0 /* Pods-week5.release.xcconfig */;
			buildSettings = {
				ASSETCATALOG_COMPILER_APPICON_NAME = AppIcon;
				ASSETCATALOG_COMPILER_GLOBAL_ACCENT_COLOR_NAME = AccentColor;
				CODE_SIGN_STYLE = Automatic;
				CURRENT_PROJECT_VERSION = 1;
				DEVELOPMENT_TEAM = QNLYL4GD4K;
				GENERATE_INFOPLIST_FILE = YES;
				INFOPLIST_FILE = week5/Info.plist;
				INFOPLIST_KEY_UIApplicationSupportsIndirectInputEvents = YES;
				INFOPLIST_KEY_UILaunchStoryboardName = LaunchScreen;
				INFOPLIST_KEY_UIMainStoryboardFile = Main;
				INFOPLIST_KEY_UISupportedInterfaceOrientations_iPad = "UIInterfaceOrientationPortrait UIInterfaceOrientationPortraitUpsideDown UIInterfaceOrientationLandscapeLeft UIInterfaceOrientationLandscapeRight";
				INFOPLIST_KEY_UISupportedInterfaceOrientations_iPhone = "UIInterfaceOrientationPortrait UIInterfaceOrientationLandscapeLeft UIInterfaceOrientationLandscapeRight";
				LD_RUNPATH_SEARCH_PATHS = (
					"$(inherited)",
					"@executable_path/Frameworks",
				);
				MARKETING_VERSION = 1.0;
				PRODUCT_BUNDLE_IDENTIFIER = com.NAHYUN.week5;
				PRODUCT_NAME = "$(TARGET_NAME)";
				SWIFT_EMIT_LOC_STRINGS = YES;
				SWIFT_VERSION = 5.0;
				TARGETED_DEVICE_FAMILY = "1,2";
			};
			name = Release;
		};
/* End XCBuildConfiguration section */

/* Begin XCConfigurationList section */
		46290B8028FE82A30090A6C1 /* Build configuration list for PBXProject "week5" */ = {
			isa = XCConfigurationList;
			buildConfigurations = (
				46290B9728FE82A40090A6C1 /* Debug */,
				46290B9828FE82A40090A6C1 /* Release */,
			);
			defaultConfigurationIsVisible = 0;
			defaultConfigurationName = Release;
		};
		46290B9928FE82A40090A6C1 /* Build configuration list for PBXNativeTarget "week5" */ = {
			isa = XCConfigurationList;
			buildConfigurations = (
				46290B9A28FE82A40090A6C1 /* Debug */,
				46290B9B28FE82A40090A6C1 /* Release */,
			);
			defaultConfigurationIsVisible = 0;
			defaultConfigurationName = Release;
		};
/* End XCConfigurationList section */
	};
	rootObject = 46290B7D28FE82A30090A6C1 /* Project object */;
}
